
Microsoft Visual Studio Solution File, Format Version 12.00
# Visual Studio Version 16
VisualStudioVersion = 16.0.30204.135
MinimumVisualStudioVersion = 15.0.26124.0
Project("{9A19103F-16F7-4668-BE54-9A1E7A4F7556}") = "AuthService.Model", "AuthService.Model\AuthService.Model.csproj", "{393F73C7-648B-4CF2-BEA9-ABF0647AF13E}"
EndProject
Project("{9A19103F-16F7-4668-BE54-9A1E7A4F7556}") = "AuthService.Tests", "AuthService.Tests\AuthService.Tests.csproj", "{602D50FA-1905-4E59-8311-39D02564CD84}"
EndProject
Project("{9A19103F-16F7-4668-BE54-9A1E7A4F7556}") = "AuthService.WebApp", "AuthService.WebApp\AuthService.WebApp.csproj", "{0A4F5726-BD3D-45D9-8DD0-03A3C2EF7E13}"
EndProject
Project("{FAE04EC0-301F-11D3-BF4B-00C04F79EFBC}") = "AuthService.EfCorePostgresProvider", "AuthService.EfCorePostgresProvider\AuthService.EfCorePostgresProvider.csproj", "{D0853A79-746A-470C-BE00-7FEEA8B606E7}"
EndProject
Project("{FAE04EC0-301F-11D3-BF4B-00C04F79EFBC}") = "AuthService.Application", "AuthService.Application\AuthService.Application.csproj", "{12D02DC7-B2B6-4F00-A4FE-1631744574A8}"
EndProject
Global
	GlobalSection(SolutionConfigurationPlatforms) = preSolution
		Debug|Any CPU = Debug|Any CPU
		Debug|x64 = Debug|x64
		Debug|x86 = Debug|x86
		Release|Any CPU = Release|Any CPU
		Release|x64 = Release|x64
		Release|x86 = Release|x86
	EndGlobalSection
	GlobalSection(ProjectConfigurationPlatforms) = postSolution
		{393F73C7-648B-4CF2-BEA9-ABF0647AF13E}.Debug|Any CPU.ActiveCfg = Debug|Any CPU
		{393F73C7-648B-4CF2-BEA9-ABF0647AF13E}.Debug|Any CPU.Build.0 = Debug|Any CPU
		{393F73C7-648B-4CF2-BEA9-ABF0647AF13E}.Debug|x64.ActiveCfg = Debug|Any CPU
		{393F73C7-648B-4CF2-BEA9-ABF0647AF13E}.Debug|x64.Build.0 = Debug|Any CPU
		{393F73C7-648B-4CF2-BEA9-ABF0647AF13E}.Debug|x86.ActiveCfg = Debug|Any CPU
		{393F73C7-648B-4CF2-BEA9-ABF0647AF13E}.Debug|x86.Build.0 = Debug|Any CPU
		{393F73C7-648B-4CF2-BEA9-ABF0647AF13E}.Release|Any CPU.ActiveCfg = Release|Any CPU
		{393F73C7-648B-4CF2-BEA9-ABF0647AF13E}.Release|Any CPU.Build.0 = Release|Any CPU
		{393F73C7-648B-4CF2-BEA9-ABF0647AF13E}.Release|x64.ActiveCfg = Release|Any CPU
		{393F73C7-648B-4CF2-BEA9-ABF0647AF13E}.Release|x64.Build.0 = Release|Any CPU
		{393F73C7-648B-4CF2-BEA9-ABF0647AF13E}.Release|x86.ActiveCfg = Release|Any CPU
		{393F73C7-648B-4CF2-BEA9-ABF0647AF13E}.Release|x86.Build.0 = Release|Any CPU
		{602D50FA-1905-4E59-8311-39D02564CD84}.Debug|Any CPU.ActiveCfg = Debug|Any CPU
		{602D50FA-1905-4E59-8311-39D02564CD84}.Debug|Any CPU.Build.0 = Debug|Any CPU
		{602D50FA-1905-4E59-8311-39D02564CD84}.Debug|x64.ActiveCfg = Debug|Any CPU
		{602D50FA-1905-4E59-8311-39D02564CD84}.Debug|x64.Build.0 = Debug|Any CPU
		{602D50FA-1905-4E59-8311-39D02564CD84}.Debug|x86.ActiveCfg = Debug|Any CPU
		{602D50FA-1905-4E59-8311-39D02564CD84}.Debug|x86.Build.0 = Debug|Any CPU
		{602D50FA-1905-4E59-8311-39D02564CD84}.Release|Any CPU.ActiveCfg = Release|Any CPU
		{602D50FA-1905-4E59-8311-39D02564CD84}.Release|Any CPU.Build.0 = Release|Any CPU
		{602D50FA-1905-4E59-8311-39D02564CD84}.Release|x64.ActiveCfg = Release|Any CPU
		{602D50FA-1905-4E59-8311-39D02564CD84}.Release|x64.Build.0 = Release|Any CPU
		{602D50FA-1905-4E59-8311-39D02564CD84}.Release|x86.ActiveCfg = Release|Any CPU
		{602D50FA-1905-4E59-8311-39D02564CD84}.Release|x86.Build.0 = Release|Any CPU
		{0A4F5726-BD3D-45D9-8DD0-03A3C2EF7E13}.Debug|Any CPU.ActiveCfg = Debug|Any CPU
		{0A4F5726-BD3D-45D9-8DD0-03A3C2EF7E13}.Debug|Any CPU.Build.0 = Debug|Any CPU
		{0A4F5726-BD3D-45D9-8DD0-03A3C2EF7E13}.Debug|x64.ActiveCfg = Debug|Any CPU
		{0A4F5726-BD3D-45D9-8DD0-03A3C2EF7E13}.Debug|x64.Build.0 = Debug|Any CPU
		{0A4F5726-BD3D-45D9-8DD0-03A3C2EF7E13}.Debug|x86.ActiveCfg = Debug|Any CPU
		{0A4F5726-BD3D-45D9-8DD0-03A3C2EF7E13}.Debug|x86.Build.0 = Debug|Any CPU
		{0A4F5726-BD3D-45D9-8DD0-03A3C2EF7E13}.Release|Any CPU.ActiveCfg = Release|Any CPU
		{0A4F5726-BD3D-45D9-8DD0-03A3C2EF7E13}.Release|Any CPU.Build.0 = Release|Any CPU
		{0A4F5726-BD3D-45D9-8DD0-03A3C2EF7E13}.Release|x64.ActiveCfg = Release|Any CPU
		{0A4F5726-BD3D-45D9-8DD0-03A3C2EF7E13}.Release|x64.Build.0 = Release|Any CPU
		{0A4F5726-BD3D-45D9-8DD0-03A3C2EF7E13}.Release|x86.ActiveCfg = Release|Any CPU
		{0A4F5726-BD3D-45D9-8DD0-03A3C2EF7E13}.Release|x86.Build.0 = Release|Any CPU
		{D0853A79-746A-470C-BE00-7FEEA8B606E7}.Debug|Any CPU.ActiveCfg = Debug|Any CPU
		{D0853A79-746A-470C-BE00-7FEEA8B606E7}.Debug|Any CPU.Build.0 = Debug|Any CPU
		{D0853A79-746A-470C-BE00-7FEEA8B606E7}.Debug|x64.ActiveCfg = Debug|Any CPU
		{D0853A79-746A-470C-BE00-7FEEA8B606E7}.Debug|x64.Build.0 = Debug|Any CPU
		{D0853A79-746A-470C-BE00-7FEEA8B606E7}.Debug|x86.ActiveCfg = Debug|Any CPU
		{D0853A79-746A-470C-BE00-7FEEA8B606E7}.Debug|x86.Build.0 = Debug|Any CPU
		{D0853A79-746A-470C-BE00-7FEEA8B606E7}.Release|Any CPU.ActiveCfg = Release|Any CPU
		{D0853A79-746A-470C-BE00-7FEEA8B606E7}.Release|Any CPU.Build.0 = Release|Any CPU
		{D0853A79-746A-470C-BE00-7FEEA8B606E7}.Release|x64.ActiveCfg = Release|Any CPU
		{D0853A79-746A-470C-BE00-7FEEA8B606E7}.Release|x64.Build.0 = Release|Any CPU
		{D0853A79-746A-470C-BE00-7FEEA8B606E7}.Release|x86.ActiveCfg = Release|Any CPU
		{D0853A79-746A-470C-BE00-7FEEA8B606E7}.Release|x86.Build.0 = Release|Any CPU
		{12D02DC7-B2B6-4F00-A4FE-1631744574A8}.Debug|Any CPU.ActiveCfg = Debug|Any CPU
		{12D02DC7-B2B6-4F00-A4FE-1631744574A8}.Debug|Any CPU.Build.0 = Debug|Any CPU
		{12D02DC7-B2B6-4F00-A4FE-1631744574A8}.Debug|x64.ActiveCfg = Debug|Any CPU
		{12D02DC7-B2B6-4F00-A4FE-1631744574A8}.Debug|x64.Build.0 = Debug|Any CPU
		{12D02DC7-B2B6-4F00-A4FE-1631744574A8}.Debug|x86.ActiveCfg = Debug|Any CPU
		{12D02DC7-B2B6-4F00-A4FE-1631744574A8}.Debug|x86.Build.0 = Debug|Any CPU
		{12D02DC7-B2B6-4F00-A4FE-1631744574A8}.Release|Any CPU.ActiveCfg = Release|Any CPU
		{12D02DC7-B2B6-4F00-A4FE-1631744574A8}.Release|Any CPU.Build.0 = Release|Any CPU
		{12D02DC7-B2B6-4F00-A4FE-1631744574A8}.Release|x64.ActiveCfg = Release|Any CPU
		{12D02DC7-B2B6-4F00-A4FE-1631744574A8}.Release|x64.Build.0 = Release|Any CPU
		{12D02DC7-B2B6-4F00-A4FE-1631744574A8}.Release|x86.ActiveCfg = Release|Any CPU
		{12D02DC7-B2B6-4F00-A4FE-1631744574A8}.Release|x86.Build.0 = Release|Any CPU
	EndGlobalSection
	GlobalSection(SolutionProperties) = preSolution
		HideSolutionNode = FALSE
	EndGlobalSection
	GlobalSection(ExtensibilityGlobals) = postSolution
		SolutionGuid = {312817C3-540B-43D7-9DED-980950B2AF14}
	EndGlobalSection
EndGlobal
